
Microsoft Visual Studio Solution File, Format Version 12.00
# Visual Studio 15
VisualStudioVersion = 15.0.27004.2009
MinimumVisualStudioVersion = 10.0.40219.1
Project("{2150E333-8FDC-42A3-9474-1A3956D46DE8}") = "4t Contextos", "4t Contextos", "{8CB7F684-0983-40DF-BC8E-2C6B8995FDA1}"
EndProject
Project("{2150E333-8FDC-42A3-9474-1A3956D46DE8}") = "Core", "Core", "{FE7C9B4D-78B0-4BD3-A55C-A5B7E78B7F20}"
EndProject
Project("{FAE04EC0-301F-11D3-BF4B-00C04F79EFBC}") = "s4t.Erp.Core.Domain", "src\s4t.Erp.Core.Domain\s4t.Erp.Core.Domain.csproj", "{2370AA0F-75B8-49D2-9D66-B75B4DA1F05A}"
EndProject
Project("{2150E333-8FDC-42A3-9474-1A3956D46DE8}") = "Graos", "Graos", "{96D8953F-D1C1-4299-8E2A-2BF456AF990A}"
EndProject
Project("{2150E333-8FDC-42A3-9474-1A3956D46DE8}") = "Application", "Application", "{2A3D83B6-8FA4-4262-9FDB-4F3D88F54C83}"
EndProject
Project("{2150E333-8FDC-42A3-9474-1A3956D46DE8}") = "Domain", "Domain", "{07D17012-6DC7-4DED-9FBA-D8F20E224819}"
EndProject
Project("{2150E333-8FDC-42A3-9474-1A3956D46DE8}") = "Data", "Data", "{12F1649D-0C1E-4F98-803E-15E90B5B54EB}"
EndProject
Project("{2150E333-8FDC-42A3-9474-1A3956D46DE8}") = "Infra", "Infra", "{9F319E77-29A2-416F-B1CC-5816A02D20BB}"
EndProject
Project("{2150E333-8FDC-42A3-9474-1A3956D46DE8}") = "Tests", "Tests", "{7B1572F2-EB49-4711-8F3D-E73E8AB6BF93}"
EndProject
Project("{2150E333-8FDC-42A3-9474-1A3956D46DE8}") = "Fiscal", "Fiscal", "{10FF7156-779C-4E6A-B6B9-CA0C2E396663}"
EndProject
Project("{2150E333-8FDC-42A3-9474-1A3956D46DE8}") = "Application", "Application", "{BF5032EA-905C-46F7-8F0A-59B62A05A3E1}"
EndProject
Project("{2150E333-8FDC-42A3-9474-1A3956D46DE8}") = "Data", "Data", "{219E76F4-5F80-4651-9A6B-EA298C69BF9F}"
EndProject
Project("{2150E333-8FDC-42A3-9474-1A3956D46DE8}") = "Domain", "Domain", "{56C440BA-2647-487F-B95F-9DC7932B464A}"
EndProject
Project("{2150E333-8FDC-42A3-9474-1A3956D46DE8}") = "Infra", "Infra", "{5DA1586C-1C85-4F70-8FCC-5C0959F3D342}"
EndProject
Project("{2150E333-8FDC-42A3-9474-1A3956D46DE8}") = "Tests", "Tests", "{B6F5E494-A0C5-47DD-A071-84C27B7ED78E}"
EndProject
Project("{FAE04EC0-301F-11D3-BF4B-00C04F79EFBC}") = "s4t.Erp.Graos.Domain", "src\s4t.Erp.Graos.Domain\s4t.Erp.Graos.Domain.csproj", "{AE428768-93AF-4A4D-A76E-8332E44A26E4}"
EndProject
Project("{FAE04EC0-301F-11D3-BF4B-00C04F79EFBC}") = "s4t.Erp.Graos.Data", "src\s4t.Erp.Graos.Data\s4t.Erp.Graos.Data.csproj", "{C1E450E5-0939-448C-BFBD-8AF88DC974BE}"
EndProject
Project("{FAE04EC0-301F-11D3-BF4B-00C04F79EFBC}") = "s4t.Erp.Fiscal.Domain", "src\s4t.Erp.Fiscal.Domain\s4t.Erp.Fiscal.Domain.csproj", "{5AC311A9-26E2-4C1F-852B-A18DD5E8A542}"
EndProject
Project("{FAE04EC0-301F-11D3-BF4B-00C04F79EFBC}") = "s4t.Erp.Fiscal.Data", "src\s4t.Erp.Fiscal.Data\s4t.Erp.Fiscal.Data.csproj", "{7A7AF618-B356-425C-8AE4-B9C602D90154}"
EndProject
Project("{FAE04EC0-301F-11D3-BF4B-00C04F79EFBC}") = "s4t.Erp.Graos.Tests", "tests\s4t.Erp.Graos.Tests\s4t.Erp.Graos.Tests.csproj", "{BBC4628B-C7FB-4F4A-B8F4-A515FCE803F4}"
EndProject
Project("{2150E333-8FDC-42A3-9474-1A3956D46DE8}") = "Services", "Services", "{36C8DC75-7D93-4A4A-A89F-B94EFB094F91}"
EndProject
Project("{FAE04EC0-301F-11D3-BF4B-00C04F79EFBC}") = "s4t.Erp.Graos.Infra.IoC", "src\s4t.Erp.Graos.Infra.IoC\s4t.Erp.Graos.Infra.IoC.csproj", "{23D04648-5FAC-4A75-A1F0-517EB16D7657}"
EndProject
Project("{FAE04EC0-301F-11D3-BF4B-00C04F79EFBC}") = "s4t.Erp.Fiscal.Infra.IoC", "src\s4t.Erp.Fiscal.Infra.IoC\s4t.Erp.Fiscal.Infra.IoC.csproj", "{FF9F5A27-AA3E-47C3-8167-0BC8D2B11A16}"
EndProject
Project("{2150E333-8FDC-42A3-9474-1A3956D46DE8}") = "Cadastros", "Cadastros", "{29CD81A2-538F-4AC1-A56A-F90253DD92A2}"
EndProject
Project("{2150E333-8FDC-42A3-9474-1A3956D46DE8}") = "Data", "Data", "{07006149-3F2C-4CA7-94C9-540BD412DE05}"
EndProject
Project("{2150E333-8FDC-42A3-9474-1A3956D46DE8}") = "Domain", "Domain", "{EEC3731D-B634-48B3-BE83-6ABB458C4AA6}"
EndProject
Project("{2150E333-8FDC-42A3-9474-1A3956D46DE8}") = "Infra", "Infra", "{FB8DD789-5A6B-49AA-9575-4F77361FCCF9}"
EndProject
Project("{2150E333-8FDC-42A3-9474-1A3956D46DE8}") = "Tests", "Tests", "{2E55DA79-6785-4894-8FCF-BF3AABAA4C02}"
EndProject
Project("{FAE04EC0-301F-11D3-BF4B-00C04F79EFBC}") = "s4t.Erp.Cadastros.Data", "src\s4t.Erp.Cadastros.Data\s4t.Erp.Cadastros.Data.csproj", "{76698F54-EF55-4DEE-9FD5-72795F42F415}"
EndProject
Project("{FAE04EC0-301F-11D3-BF4B-00C04F79EFBC}") = "s4t.Erp.Cadastros.Domain", "src\s4t.Erp.Cadastros.Domain\s4t.Erp.Cadastros.Domain.csproj", "{5858E776-F21A-4C62-B445-0DA55DF73CED}"
EndProject
Project("{FAE04EC0-301F-11D3-BF4B-00C04F79EFBC}") = "s4t.Erp.Cadastros.Infra.Identity", "src\s4t.Erp.Cadastros.Infra.Identity\s4t.Erp.Cadastros.Infra.Identity.csproj", "{4863931B-2871-4696-AB2C-75B58DA75975}"
EndProject
Project("{FAE04EC0-301F-11D3-BF4B-00C04F79EFBC}") = "s4t.Erp.Cadastros.Infra.IoC", "src\s4t.Erp.Cadastros.Infra.IoC\s4t.Erp.Cadastros.Infra.IoC.csproj", "{D5A416D7-6A88-4E85-9BFE-AC6A35D0371D}"
EndProject
Project("{FAE04EC0-301F-11D3-BF4B-00C04F79EFBC}") = "s4t.Erp.Cadastros.Tests", "tests\s4t.Erp.Cadastros.Tests\s4t.Erp.Cadastros.Tests.csproj", "{22D3247B-D2E9-421F-A557-6568DFDA3A67}"
EndProject
Global
	GlobalSection(SolutionConfigurationPlatforms) = preSolution
		Debug|Any CPU = Debug|Any CPU
		Release|Any CPU = Release|Any CPU
	EndGlobalSection
	GlobalSection(ProjectConfigurationPlatforms) = postSolution
		{2370AA0F-75B8-49D2-9D66-B75B4DA1F05A}.Debug|Any CPU.ActiveCfg = Debug|Any CPU
		{2370AA0F-75B8-49D2-9D66-B75B4DA1F05A}.Debug|Any CPU.Build.0 = Debug|Any CPU
		{2370AA0F-75B8-49D2-9D66-B75B4DA1F05A}.Release|Any CPU.ActiveCfg = Release|Any CPU
		{2370AA0F-75B8-49D2-9D66-B75B4DA1F05A}.Release|Any CPU.Build.0 = Release|Any CPU
		{AE428768-93AF-4A4D-A76E-8332E44A26E4}.Debug|Any CPU.ActiveCfg = Debug|Any CPU
		{AE428768-93AF-4A4D-A76E-8332E44A26E4}.Debug|Any CPU.Build.0 = Debug|Any CPU
		{AE428768-93AF-4A4D-A76E-8332E44A26E4}.Release|Any CPU.ActiveCfg = Release|Any CPU
		{AE428768-93AF-4A4D-A76E-8332E44A26E4}.Release|Any CPU.Build.0 = Release|Any CPU
		{C1E450E5-0939-448C-BFBD-8AF88DC974BE}.Debug|Any CPU.ActiveCfg = Debug|Any CPU
		{C1E450E5-0939-448C-BFBD-8AF88DC974BE}.Debug|Any CPU.Build.0 = Debug|Any CPU
		{C1E450E5-0939-448C-BFBD-8AF88DC974BE}.Release|Any CPU.ActiveCfg = Release|Any CPU
		{C1E450E5-0939-448C-BFBD-8AF88DC974BE}.Release|Any CPU.Build.0 = Release|Any CPU
		{5AC311A9-26E2-4C1F-852B-A18DD5E8A542}.Debug|Any CPU.ActiveCfg = Debug|Any CPU
		{5AC311A9-26E2-4C1F-852B-A18DD5E8A542}.Debug|Any CPU.Build.0 = Debug|Any CPU
		{5AC311A9-26E2-4C1F-852B-A18DD5E8A542}.Release|Any CPU.ActiveCfg = Release|Any CPU
		{5AC311A9-26E2-4C1F-852B-A18DD5E8A542}.Release|Any CPU.Build.0 = Release|Any CPU
		{7A7AF618-B356-425C-8AE4-B9C602D90154}.Debug|Any CPU.ActiveCfg = Debug|Any CPU
		{7A7AF618-B356-425C-8AE4-B9C602D90154}.Debug|Any CPU.Build.0 = Debug|Any CPU
		{7A7AF618-B356-425C-8AE4-B9C602D90154}.Release|Any CPU.ActiveCfg = Release|Any CPU
		{7A7AF618-B356-425C-8AE4-B9C602D90154}.Release|Any CPU.Build.0 = Release|Any CPU
		{BBC4628B-C7FB-4F4A-B8F4-A515FCE803F4}.Debug|Any CPU.ActiveCfg = Debug|Any CPU
		{BBC4628B-C7FB-4F4A-B8F4-A515FCE803F4}.Debug|Any CPU.Build.0 = Debug|Any CPU
		{BBC4628B-C7FB-4F4A-B8F4-A515FCE803F4}.Release|Any CPU.ActiveCfg = Release|Any CPU
		{BBC4628B-C7FB-4F4A-B8F4-A515FCE803F4}.Release|Any CPU.Build.0 = Release|Any CPU
		{23D04648-5FAC-4A75-A1F0-517EB16D7657}.Debug|Any CPU.ActiveCfg = Debug|Any CPU
		{23D04648-5FAC-4A75-A1F0-517EB16D7657}.Debug|Any CPU.Build.0 = Debug|Any CPU
		{23D04648-5FAC-4A75-A1F0-517EB16D7657}.Release|Any CPU.ActiveCfg = Release|Any CPU
		{23D04648-5FAC-4A75-A1F0-517EB16D7657}.Release|Any CPU.Build.0 = Release|Any CPU
		{FF9F5A27-AA3E-47C3-8167-0BC8D2B11A16}.Debug|Any CPU.ActiveCfg = Debug|Any CPU
		{FF9F5A27-AA3E-47C3-8167-0BC8D2B11A16}.Debug|Any CPU.Build.0 = Debug|Any CPU
		{FF9F5A27-AA3E-47C3-8167-0BC8D2B11A16}.Release|Any CPU.ActiveCfg = Release|Any CPU
		{FF9F5A27-AA3E-47C3-8167-0BC8D2B11A16}.Release|Any CPU.Build.0 = Release|Any CPU
		{76698F54-EF55-4DEE-9FD5-72795F42F415}.Debug|Any CPU.ActiveCfg = Debug|Any CPU
		{76698F54-EF55-4DEE-9FD5-72795F42F415}.Debug|Any CPU.Build.0 = Debug|Any CPU
		{76698F54-EF55-4DEE-9FD5-72795F42F415}.Release|Any CPU.ActiveCfg = Release|Any CPU
		{76698F54-EF55-4DEE-9FD5-72795F42F415}.Release|Any CPU.Build.0 = Release|Any CPU
		{5858E776-F21A-4C62-B445-0DA55DF73CED}.Debug|Any CPU.ActiveCfg = Debug|Any CPU
		{5858E776-F21A-4C62-B445-0DA55DF73CED}.Debug|Any CPU.Build.0 = Debug|Any CPU
		{5858E776-F21A-4C62-B445-0DA55DF73CED}.Release|Any CPU.ActiveCfg = Release|Any CPU
		{5858E776-F21A-4C62-B445-0DA55DF73CED}.Release|Any CPU.Build.0 = Release|Any CPU
		{4863931B-2871-4696-AB2C-75B58DA75975}.Debug|Any CPU.ActiveCfg = Debug|Any CPU
		{4863931B-2871-4696-AB2C-75B58DA75975}.Debug|Any CPU.Build.0 = Debug|Any CPU
		{4863931B-2871-4696-AB2C-75B58DA75975}.Release|Any CPU.ActiveCfg = Release|Any CPU
		{4863931B-2871-4696-AB2C-75B58DA75975}.Release|Any CPU.Build.0 = Release|Any CPU
		{D5A416D7-6A88-4E85-9BFE-AC6A35D0371D}.Debug|Any CPU.ActiveCfg = Debug|Any CPU
		{D5A416D7-6A88-4E85-9BFE-AC6A35D0371D}.Debug|Any CPU.Build.0 = Debug|Any CPU
		{D5A416D7-6A88-4E85-9BFE-AC6A35D0371D}.Release|Any CPU.ActiveCfg = Release|Any CPU
		{D5A416D7-6A88-4E85-9BFE-AC6A35D0371D}.Release|Any CPU.Build.0 = Release|Any CPU
		{22D3247B-D2E9-421F-A557-6568DFDA3A67}.Debug|Any CPU.ActiveCfg = Debug|Any CPU
		{22D3247B-D2E9-421F-A557-6568DFDA3A67}.Debug|Any CPU.Build.0 = Debug|Any CPU
		{22D3247B-D2E9-421F-A557-6568DFDA3A67}.Release|Any CPU.ActiveCfg = Release|Any CPU
		{22D3247B-D2E9-421F-A557-6568DFDA3A67}.Release|Any CPU.Build.0 = Release|Any CPU
	EndGlobalSection
	GlobalSection(SolutionProperties) = preSolution
		HideSolutionNode = FALSE
	EndGlobalSection
	GlobalSection(NestedProjects) = preSolution
		{FE7C9B4D-78B0-4BD3-A55C-A5B7E78B7F20} = {8CB7F684-0983-40DF-BC8E-2C6B8995FDA1}
		{2370AA0F-75B8-49D2-9D66-B75B4DA1F05A} = {FE7C9B4D-78B0-4BD3-A55C-A5B7E78B7F20}
		{96D8953F-D1C1-4299-8E2A-2BF456AF990A} = {8CB7F684-0983-40DF-BC8E-2C6B8995FDA1}
		{2A3D83B6-8FA4-4262-9FDB-4F3D88F54C83} = {96D8953F-D1C1-4299-8E2A-2BF456AF990A}
		{07D17012-6DC7-4DED-9FBA-D8F20E224819} = {96D8953F-D1C1-4299-8E2A-2BF456AF990A}
		{12F1649D-0C1E-4F98-803E-15E90B5B54EB} = {96D8953F-D1C1-4299-8E2A-2BF456AF990A}
		{9F319E77-29A2-416F-B1CC-5816A02D20BB} = {96D8953F-D1C1-4299-8E2A-2BF456AF990A}
		{7B1572F2-EB49-4711-8F3D-E73E8AB6BF93} = {96D8953F-D1C1-4299-8E2A-2BF456AF990A}
		{10FF7156-779C-4E6A-B6B9-CA0C2E396663} = {8CB7F684-0983-40DF-BC8E-2C6B8995FDA1}
		{BF5032EA-905C-46F7-8F0A-59B62A05A3E1} = {10FF7156-779C-4E6A-B6B9-CA0C2E396663}
		{219E76F4-5F80-4651-9A6B-EA298C69BF9F} = {10FF7156-779C-4E6A-B6B9-CA0C2E396663}
		{56C440BA-2647-487F-B95F-9DC7932B464A} = {10FF7156-779C-4E6A-B6B9-CA0C2E396663}
		{5DA1586C-1C85-4F70-8FCC-5C0959F3D342} = {10FF7156-779C-4E6A-B6B9-CA0C2E396663}
		{B6F5E494-A0C5-47DD-A071-84C27B7ED78E} = {10FF7156-779C-4E6A-B6B9-CA0C2E396663}
		{AE428768-93AF-4A4D-A76E-8332E44A26E4} = {07D17012-6DC7-4DED-9FBA-D8F20E224819}
		{C1E450E5-0939-448C-BFBD-8AF88DC974BE} = {12F1649D-0C1E-4F98-803E-15E90B5B54EB}
		{5AC311A9-26E2-4C1F-852B-A18DD5E8A542} = {56C440BA-2647-487F-B95F-9DC7932B464A}
		{7A7AF618-B356-425C-8AE4-B9C602D90154} = {219E76F4-5F80-4651-9A6B-EA298C69BF9F}
		{BBC4628B-C7FB-4F4A-B8F4-A515FCE803F4} = {7B1572F2-EB49-4711-8F3D-E73E8AB6BF93}
		{36C8DC75-7D93-4A4A-A89F-B94EFB094F91} = {96D8953F-D1C1-4299-8E2A-2BF456AF990A}
		{23D04648-5FAC-4A75-A1F0-517EB16D7657} = {9F319E77-29A2-416F-B1CC-5816A02D20BB}
		{FF9F5A27-AA3E-47C3-8167-0BC8D2B11A16} = {5DA1586C-1C85-4F70-8FCC-5C0959F3D342}
		{29CD81A2-538F-4AC1-A56A-F90253DD92A2} = {8CB7F684-0983-40DF-BC8E-2C6B8995FDA1}
		{07006149-3F2C-4CA7-94C9-540BD412DE05} = {29CD81A2-538F-4AC1-A56A-F90253DD92A2}
		{EEC3731D-B634-48B3-BE83-6ABB458C4AA6} = {29CD81A2-538F-4AC1-A56A-F90253DD92A2}
		{FB8DD789-5A6B-49AA-9575-4F77361FCCF9} = {29CD81A2-538F-4AC1-A56A-F90253DD92A2}
		{2E55DA79-6785-4894-8FCF-BF3AABAA4C02} = {29CD81A2-538F-4AC1-A56A-F90253DD92A2}
		{76698F54-EF55-4DEE-9FD5-72795F42F415} = {07006149-3F2C-4CA7-94C9-540BD412DE05}
		{5858E776-F21A-4C62-B445-0DA55DF73CED} = {EEC3731D-B634-48B3-BE83-6ABB458C4AA6}
		{4863931B-2871-4696-AB2C-75B58DA75975} = {FB8DD789-5A6B-49AA-9575-4F77361FCCF9}
		{D5A416D7-6A88-4E85-9BFE-AC6A35D0371D} = {FB8DD789-5A6B-49AA-9575-4F77361FCCF9}
		{22D3247B-D2E9-421F-A557-6568DFDA3A67} = {2E55DA79-6785-4894-8FCF-BF3AABAA4C02}
	EndGlobalSection
	GlobalSection(ExtensibilityGlobals) = postSolution
		SolutionGuid = {03A15E06-0F4B-4276-BE80-5D4515E86818}
	EndGlobalSection
EndGlobal
